
Microsoft Visual Studio Solution File, Format Version 12.00
# Visual Studio Version 17
VisualStudioVersion = 17.2.32616.157
MinimumVisualStudioVersion = 10.0.40219.1
Project("{FAE04EC0-301F-11D3-BF4B-00C04F79EFBC}") = "namespace ITMO.CSCourse2022.WinApp.Exam", "namespace ITMO.CSCourse2022.WinApp.Exam\namespace ITMO.CSCourse2022.WinApp.Exam.csproj", "{04E388B0-829E-4DED-B384-B32C5FB64D28}"
EndProject
Global
	GlobalSection(SolutionConfigurationPlatforms) = preSolution
		Debug|Any CPU = Debug|Any CPU
		Release|Any CPU = Release|Any CPU
	EndGlobalSection
	GlobalSection(ProjectConfigurationPlatforms) = postSolution
		{04E388B0-829E-4DED-B384-B32C5FB64D28}.Debug|Any CPU.ActiveCfg = Debug|Any CPU
		{04E388B0-829E-4DED-B384-B32C5FB64D28}.Debug|Any CPU.Build.0 = Debug|Any CPU
		{04E388B0-829E-4DED-B384-B32C5FB64D28}.Release|Any CPU.ActiveCfg = Release|Any CPU
		{04E388B0-829E-4DED-B384-B32C5FB64D28}.Release|Any CPU.Build.0 = Release|Any CPU
	EndGlobalSection
	GlobalSection(SolutionProperties) = preSolution
		HideSolutionNode = FALSE
	EndGlobalSection
	GlobalSection(ExtensibilityGlobals) = postSolution
		SolutionGuid = {2719672D-57E4-464E-B188-F9852667BC77}
	EndGlobalSection
EndGlobal
